
Microsoft Visual Studio Solution File, Format Version 12.00
# Visual Studio Version 16
VisualStudioVersion = 16.0.32602.291
MinimumVisualStudioVersion = 10.0.40219.1
Project("{8BC9CEB8-8B4A-11D0-8D11-00A0C91BC942}") = "HW1_CalculateIntegral", "HW1_CalculateIntegral.vcxproj", "{60751D56-AFFB-43DC-A2FA-9AEB474A491C}"
EndProject
Global
	GlobalSection(SolutionConfigurationPlatforms) = preSolution
		Debug|x64 = Debug|x64
		Debug|x86 = Debug|x86
		Release|x64 = Release|x64
		Release|x86 = Release|x86
	EndGlobalSection
	GlobalSection(ProjectConfigurationPlatforms) = postSolution
		{60751D56-AFFB-43DC-A2FA-9AEB474A491C}.Debug|x64.ActiveCfg = Debug|x64
		{60751D56-AFFB-43DC-A2FA-9AEB474A491C}.Debug|x64.Build.0 = Debug|x64
		{60751D56-AFFB-43DC-A2FA-9AEB474A491C}.Debug|x86.ActiveCfg = Debug|Win32
		{60751D56-AFFB-43DC-A2FA-9AEB474A491C}.Debug|x86.Build.0 = Debug|Win32
		{60751D56-AFFB-43DC-A2FA-9AEB474A491C}.Release|x64.ActiveCfg = Release|x64
		{60751D56-AFFB-43DC-A2FA-9AEB474A491C}.Release|x64.Build.0 = Release|x64
		{60751D56-AFFB-43DC-A2FA-9AEB474A491C}.Release|x86.ActiveCfg = Release|Win32
		{60751D56-AFFB-43DC-A2FA-9AEB474A491C}.Release|x86.Build.0 = Release|Win32
	EndGlobalSection
	GlobalSection(SolutionProperties) = preSolution
		HideSolutionNode = FALSE
	EndGlobalSection
	GlobalSection(ExtensibilityGlobals) = postSolution
		SolutionGuid = {891FC333-493E-4A34-BF32-781B73EED711}
	EndGlobalSection
EndGlobal
